
Microsoft Visual Studio Solution File, Format Version 12.00
# Visual Studio Version 17
VisualStudioVersion = 17.12.35527.113
MinimumVisualStudioVersion = 10.0.40219.1
Project("{2150E333-8FDC-42A3-9474-1A3956D46DE8}") = "src", "src", "{A7119852-D039-4DBF-81E3-D5C34C482646}"
EndProject
Project("{2150E333-8FDC-42A3-9474-1A3956D46DE8}") = "tests", "tests", "{8418D8C7-981F-4A96-B8AD-C9EE9145FC0A}"
EndProject
Project("{FAE04EC0-301F-11D3-BF4B-00C04F79EFBC}") = "StocksApp.Infrastructure", "src\StocksApp.Infrastructure\StocksApp.Infrastructure.csproj", "{DE9E4121-608F-4CEB-AB9F-AD10CAFDF432}"
EndProject
Project("{FAE04EC0-301F-11D3-BF4B-00C04F79EFBC}") = "StocksApp.UI", "src\StocksApp.UI\StocksApp.UI.csproj", "{62F862A4-404B-49BF-A55B-AD0EED189341}"
EndProject
Project("{FAE04EC0-301F-11D3-BF4B-00C04F79EFBC}") = "StocksApp.Core", "src\StocksApp.Core\StocksApp.Core.csproj", "{4036945A-0177-40A9-86CE-4C106DFD87F3}"
EndProject
Project("{FAE04EC0-301F-11D3-BF4B-00C04F79EFBC}") = "StocksApp.ControllerTests", "tests\StocksApp.ControllerTests\StocksApp.ControllerTests.csproj", "{DA7F9FFC-F826-4105-B0BD-247EADFB4AE9}"
EndProject
Project("{FAE04EC0-301F-11D3-BF4B-00C04F79EFBC}") = "StocksApp.IntegrationTests", "tests\StocksApp.IntegrationTests\StocksApp.IntegrationTests.csproj", "{DC07F81A-11F8-41ED-943A-284E7B2FB375}"
EndProject
Project("{FAE04EC0-301F-11D3-BF4B-00C04F79EFBC}") = "StocksApp.ServicesTests", "tests\StocksApp.ServicesTests\StocksApp.ServicesTests.csproj", "{F4A1A578-559C-4E1E-BF83-2B7510BF12BF}"
EndProject
Global
	GlobalSection(SolutionConfigurationPlatforms) = preSolution
		Debug|Any CPU = Debug|Any CPU
		Release|Any CPU = Release|Any CPU
	EndGlobalSection
	GlobalSection(ProjectConfigurationPlatforms) = postSolution
		{DE9E4121-608F-4CEB-AB9F-AD10CAFDF432}.Debug|Any CPU.ActiveCfg = Debug|Any CPU
		{DE9E4121-608F-4CEB-AB9F-AD10CAFDF432}.Debug|Any CPU.Build.0 = Debug|Any CPU
		{DE9E4121-608F-4CEB-AB9F-AD10CAFDF432}.Release|Any CPU.ActiveCfg = Release|Any CPU
		{DE9E4121-608F-4CEB-AB9F-AD10CAFDF432}.Release|Any CPU.Build.0 = Release|Any CPU
		{62F862A4-404B-49BF-A55B-AD0EED189341}.Debug|Any CPU.ActiveCfg = Debug|Any CPU
		{62F862A4-404B-49BF-A55B-AD0EED189341}.Debug|Any CPU.Build.0 = Debug|Any CPU
		{62F862A4-404B-49BF-A55B-AD0EED189341}.Release|Any CPU.ActiveCfg = Release|Any CPU
		{62F862A4-404B-49BF-A55B-AD0EED189341}.Release|Any CPU.Build.0 = Release|Any CPU
		{4036945A-0177-40A9-86CE-4C106DFD87F3}.Debug|Any CPU.ActiveCfg = Debug|Any CPU
		{4036945A-0177-40A9-86CE-4C106DFD87F3}.Debug|Any CPU.Build.0 = Debug|Any CPU
		{4036945A-0177-40A9-86CE-4C106DFD87F3}.Release|Any CPU.ActiveCfg = Release|Any CPU
		{4036945A-0177-40A9-86CE-4C106DFD87F3}.Release|Any CPU.Build.0 = Release|Any CPU
		{DA7F9FFC-F826-4105-B0BD-247EADFB4AE9}.Debug|Any CPU.ActiveCfg = Debug|Any CPU
		{DA7F9FFC-F826-4105-B0BD-247EADFB4AE9}.Debug|Any CPU.Build.0 = Debug|Any CPU
		{DA7F9FFC-F826-4105-B0BD-247EADFB4AE9}.Release|Any CPU.ActiveCfg = Release|Any CPU
		{DA7F9FFC-F826-4105-B0BD-247EADFB4AE9}.Release|Any CPU.Build.0 = Release|Any CPU
		{DC07F81A-11F8-41ED-943A-284E7B2FB375}.Debug|Any CPU.ActiveCfg = Debug|Any CPU
		{DC07F81A-11F8-41ED-943A-284E7B2FB375}.Debug|Any CPU.Build.0 = Debug|Any CPU
		{DC07F81A-11F8-41ED-943A-284E7B2FB375}.Release|Any CPU.ActiveCfg = Release|Any CPU
		{DC07F81A-11F8-41ED-943A-284E7B2FB375}.Release|Any CPU.Build.0 = Release|Any CPU
		{F4A1A578-559C-4E1E-BF83-2B7510BF12BF}.Debug|Any CPU.ActiveCfg = Debug|Any CPU
		{F4A1A578-559C-4E1E-BF83-2B7510BF12BF}.Debug|Any CPU.Build.0 = Debug|Any CPU
		{F4A1A578-559C-4E1E-BF83-2B7510BF12BF}.Release|Any CPU.ActiveCfg = Release|Any CPU
		{F4A1A578-559C-4E1E-BF83-2B7510BF12BF}.Release|Any CPU.Build.0 = Release|Any CPU
	EndGlobalSection
	GlobalSection(SolutionProperties) = preSolution
		HideSolutionNode = FALSE
	EndGlobalSection
	GlobalSection(NestedProjects) = preSolution
		{DE9E4121-608F-4CEB-AB9F-AD10CAFDF432} = {A7119852-D039-4DBF-81E3-D5C34C482646}
		{62F862A4-404B-49BF-A55B-AD0EED189341} = {A7119852-D039-4DBF-81E3-D5C34C482646}
		{4036945A-0177-40A9-86CE-4C106DFD87F3} = {A7119852-D039-4DBF-81E3-D5C34C482646}
		{DA7F9FFC-F826-4105-B0BD-247EADFB4AE9} = {8418D8C7-981F-4A96-B8AD-C9EE9145FC0A}
		{DC07F81A-11F8-41ED-943A-284E7B2FB375} = {8418D8C7-981F-4A96-B8AD-C9EE9145FC0A}
		{F4A1A578-559C-4E1E-BF83-2B7510BF12BF} = {8418D8C7-981F-4A96-B8AD-C9EE9145FC0A}
	EndGlobalSection
EndGlobal
